
Microsoft Visual Studio Solution File, Format Version 12.00
# Visual Studio Version 17
VisualStudioVersion = 17.11.35312.102
MinimumVisualStudioVersion = 10.0.40219.1
Project("{FAE04EC0-301F-11D3-BF4B-00C04F79EFBC}") = "Prueba Ibai", "Prueba Ibai\Prueba Ibai.csproj", "{05723C70-C0F0-4F51-8DE4-9F96BA603CA2}"
EndProject
Global
	GlobalSection(SolutionConfigurationPlatforms) = preSolution
		Debug|Any CPU = Debug|Any CPU
		Release|Any CPU = Release|Any CPU
	EndGlobalSection
	GlobalSection(ProjectConfigurationPlatforms) = postSolution
		{05723C70-C0F0-4F51-8DE4-9F96BA603CA2}.Debug|Any CPU.ActiveCfg = Debug|Any CPU
		{05723C70-C0F0-4F51-8DE4-9F96BA603CA2}.Debug|Any CPU.Build.0 = Debug|Any CPU
		{05723C70-C0F0-4F51-8DE4-9F96BA603CA2}.Release|Any CPU.ActiveCfg = Release|Any CPU
		{05723C70-C0F0-4F51-8DE4-9F96BA603CA2}.Release|Any CPU.Build.0 = Release|Any CPU
	EndGlobalSection
	GlobalSection(SolutionProperties) = preSolution
		HideSolutionNode = FALSE
	EndGlobalSection
	GlobalSection(ExtensibilityGlobals) = postSolution
		SolutionGuid = {540C985F-D4E9-456F-B1A5-8CE777D960C2}
	EndGlobalSection
EndGlobal
